
Microsoft Visual Studio Solution File, Format Version 12.00
# Visual Studio Version 17
VisualStudioVersion = 17.5.33530.505
MinimumVisualStudioVersion = 10.0.40219.1
Project("{FAE04EC0-301F-11D3-BF4B-00C04F79EFBC}") = "systema_de_consulta_de_estudiante", "systema_de_consulta_de_estudiante\systema_de_consulta_de_estudiante.csproj", "{A96823B6-6E0F-43D9-B10B-780FDA4FA497}"
EndProject
Global
	GlobalSection(SolutionConfigurationPlatforms) = preSolution
		Debug|Any CPU = Debug|Any CPU
		Release|Any CPU = Release|Any CPU
	EndGlobalSection
	GlobalSection(ProjectConfigurationPlatforms) = postSolution
		{A96823B6-6E0F-43D9-B10B-780FDA4FA497}.Debug|Any CPU.ActiveCfg = Debug|Any CPU
		{A96823B6-6E0F-43D9-B10B-780FDA4FA497}.Debug|Any CPU.Build.0 = Debug|Any CPU
		{A96823B6-6E0F-43D9-B10B-780FDA4FA497}.Release|Any CPU.ActiveCfg = Release|Any CPU
		{A96823B6-6E0F-43D9-B10B-780FDA4FA497}.Release|Any CPU.Build.0 = Release|Any CPU
	EndGlobalSection
	GlobalSection(SolutionProperties) = preSolution
		HideSolutionNode = FALSE
	EndGlobalSection
	GlobalSection(ExtensibilityGlobals) = postSolution
		SolutionGuid = {A58C14CA-850A-4963-B39D-1828BAE44310}
	EndGlobalSection
EndGlobal
